Microsoft Visual Studio Solution File, Format Version 12.00
# Visual Studio Version 17
VisualStudioVersion = 17.0.31903.59
MinimumVisualStudioVersion = 10.0.40219.1
Project("{FAE04EC0-301F-11D3-BF4B-00C04F79EFBC}") = "FishingBot.App", "src\FishingBot.App\FishingBot.App.csproj", "{A8C7DE77-995D-4B12-A4C5-4FD15F650001}"
EndProject
Project("{FAE04EC0-301F-11D3-BF4B-00C04F79EFBC}") = "FishingBot.Core", "src\FishingBot.Core\FishingBot.Core.csproj", "{A8C7DE77-995D-4B12-A4C5-4FD15F650002}"
EndProject
Project("{FAE04EC0-301F-11D3-BF4B-00C04F79EFBC}") = "FishingBot.Tests", "tests\FishingBot.Tests\FishingBot.Tests.csproj", "{A8C7DE77-995D-4B12-A4C5-4FD15F650003}"
EndProject
Global
	GlobalSection(SolutionConfigurationPlatforms) = preSolution
		Debug|Any CPU = Debug|Any CPU
		Release|Any CPU = Release|Any CPU
	EndGlobalSection
	GlobalSection(ProjectConfigurationPlatforms) = postSolution
		{A8C7DE77-995D-4B12-A4C5-4FD15F650001}.Debug|Any CPU.ActiveCfg = Debug|Any CPU
		{A8C7DE77-995D-4B12-A4C5-4FD15F650001}.Debug|Any CPU.Build.0 = Debug|Any CPU
		{A8C7DE77-995D-4B12-A4C5-4FD15F650001}.Release|Any CPU.ActiveCfg = Release|Any CPU
		{A8C7DE77-995D-4B12-A4C5-4FD15F650001}.Release|Any CPU.Build.0 = Release|Any CPU
		{A8C7DE77-995D-4B12-A4C5-4FD15F650002}.Debug|Any CPU.ActiveCfg = Debug|Any CPU
		{A8C7DE77-995D-4B12-A4C5-4FD15F650002}.Debug|Any CPU.Build.0 = Debug|Any CPU
		{A8C7DE77-995D-4B12-A4C5-4FD15F650002}.Release|Any CPU.ActiveCfg = Release|Any CPU
		{A8C7DE77-995D-4B12-A4C5-4FD15F650002}.Release|Any CPU.Build.0 = Release|Any CPU
		{A8C7DE77-995D-4B12-A4C5-4FD15F650003}.Debug|Any CPU.ActiveCfg = Debug|Any CPU
		{A8C7DE77-995D-4B12-A4C5-4FD15F650003}.Debug|Any CPU.Build.0 = Debug|Any CPU
		{A8C7DE77-995D-4B12-A4C5-4FD15F650003}.Release|Any CPU.ActiveCfg = Release|Any CPU
		{A8C7DE77-995D-4B12-A4C5-4FD15F650003}.Release|Any CPU.Build.0 = Release|Any CPU
	EndGlobalSection
	GlobalSection(SolutionProperties) = preSolution
		HideSolutionNode = FALSE
	EndGlobalSection
EndGlobal
